{
  "name": "dollar-shell",
  "version": "1.1.1",
  "lockfileVersion": 3,
  "requires": true,
  "packages": {
    "": {
      "name": "dollar-shell",
      "version": "1.1.1",
      "license": "BSD-3-Clause",
      "devDependencies": {
        "tape-six": "^1.4.1",
        "typescript": "^5.9.3"
      },
      "funding": {
        "type": "github",
        "url": "https://github.com/sponsors/uhop"
      }
    },
    "node_modules/tape-six": {
      "version": "1.4.1",
      "resolved": "https://registry.npmjs.org/tape-six/-/tape-six-1.4.1.tgz",
      "integrity": "sha512-HA8uyKAxLOizCR6QSba1j3adFBmhOW6xvmB7d6HYOnAd7M6IyNjTyWEqxM5ZEgdD7/s0/t55P+xQaQshbS55Gw==",
      "dev": true,
      "license": "BSD-3-Clause",
      "bin": {
        "tape6": "bin/tape6.js",
        "tape6-bun": "bin/tape6-bun.js",
        "tape6-deno": "bin/tape6-deno.js",
        "tape6-runner": "bin/tape6-runner.js",
        "tape6-server": "bin/tape6-server.js"
      },
      "funding": {
        "url": "https://github.com/sponsors/uhop"
      }
    },
    "node_modules/typescript": {
      "version": "5.9.3",
      "resolved": "https://registry.npmjs.org/typescript/-/typescript-5.9.3.tgz",
      "integrity": "sha512-jl1vZzPDinLr9eUt3J/t7V6FgNEw9QjvBPdysz9KfQDD41fQrC2Y4vKQdiaUpFT4bXlb1RHhLpp8wtm6M5TgSw==",
      "dev": true,
      "license": "Apache-2.0",
      "bin": {
        "tsc": "bin/tsc",
        "tsserver": "bin/tsserver"
      },
      "engines": {
        "node": ">=14.17"
      }
    }
  }
}
